
Microsoft Visual Studio Solution File, Format Version 12.00
# Visual Studio Version 17
VisualStudioVersion = 17.2.32210.308
MinimumVisualStudioVersion = 10.0.40219.1
Project("{8BC9CEB8-8B4A-11D0-8D11-00A0C91BC942}") = "SandBox", "SandBox\SandBox.vcxproj", "{38D10077-F9F8-48DF-992D-6B76886DEAEA}"
EndProject
Project("{8BC9CEB8-8B4A-11D0-8D11-00A0C91BC942}") = "RaytechEngine", "RaytechEngine\RaytechEngine.vcxproj", "{793ED9D7-DFDF-4D74-AD5E-1F57E0CF6F7C}"
EndProject

Global
	GlobalSection(SolutionConfigurationPlatforms) = preSolution
		Debug|x64 = Debug|x64
		Release|x64 = Release|x64
	EndGlobalSection
	GlobalSection(ProjectConfigurationPlatforms) = postSolution
		{793ED9D7-DFDF-4D74-AD5E-1F57E0CF6F7C}.Debug|x64.ActiveCfg = Debug|x64
		{793ED9D7-DFDF-4D74-AD5E-1F57E0CF6F7C}.Debug|x64.Build.0 = Debug|x64
		{793ED9D7-DFDF-4D74-AD5E-1F57E0CF6F7C}.Release|x64.ActiveCfg = Release|x64
		{793ED9D7-DFDF-4D74-AD5E-1F57E0CF6F7C}.Release|x64.Build.0 = Release|x64
		{38D10077-F9F8-48DF-992D-6B76886DEAEA}.Debug|x64.ActiveCfg = Debug|x64
		{38D10077-F9F8-48DF-992D-6B76886DEAEA}.Debug|x64.Build.0 = Debug|x64
		{38D10077-F9F8-48DF-992D-6B76886DEAEA}.Release|x64.ActiveCfg = Release|x64
		{38D10077-F9F8-48DF-992D-6B76886DEAEA}.Release|x64.Build.0 = Release|x64
	EndGlobalSection
	GlobalSection(SolutionProperties) = preSolution
		HideSolutionNode = FALSE
	EndGlobalSection
	GlobalSection(ExtensibilityGlobals) = postSolution
		SolutionGuid = {4E0F783F-D7B1-4770-822C-E12EC22C5A4F}
	EndGlobalSection
EndGlobal
